
Microsoft Visual Studio Solution File, Format Version 12.00
# Visual Studio 15
VisualStudioVersion = 15.0.28010.2036
MinimumVisualStudioVersion = 10.0.40219.1
Project("{FAE04EC0-301F-11D3-BF4B-00C04F79EFBC}") = "ConsoleApp1", "ConsoleApp1\ConsoleApp1.csproj", "{B8613C52-6F72-4937-9BDF-0DEA28526F5E}"
EndProject
Project("{FAE04EC0-301F-11D3-BF4B-00C04F79EFBC}") = "ConsoleApp1.UnitTests", "ConsoleApp1.UnitTests\ConsoleApp1.UnitTests.csproj", "{F42099B7-2101-4A9D-A155-CA837D28B864}"
EndProject
Global
	GlobalSection(SolutionConfigurationPlatforms) = preSolution
		Debug|Any CPU = Debug|Any CPU
		Release|Any CPU = Release|Any CPU
	EndGlobalSection
	GlobalSection(ProjectConfigurationPlatforms) = postSolution
		{B8613C52-6F72-4937-9BDF-0DEA28526F5E}.Debug|Any CPU.ActiveCfg = Debug|Any CPU
		{B8613C52-6F72-4937-9BDF-0DEA28526F5E}.Debug|Any CPU.Build.0 = Debug|Any CPU
		{B8613C52-6F72-4937-9BDF-0DEA28526F5E}.Release|Any CPU.ActiveCfg = Release|Any CPU
		{B8613C52-6F72-4937-9BDF-0DEA28526F5E}.Release|Any CPU.Build.0 = Release|Any CPU
		{F42099B7-2101-4A9D-A155-CA837D28B864}.Debug|Any CPU.ActiveCfg = Debug|Any CPU
		{F42099B7-2101-4A9D-A155-CA837D28B864}.Debug|Any CPU.Build.0 = Debug|Any CPU
		{F42099B7-2101-4A9D-A155-CA837D28B864}.Release|Any CPU.ActiveCfg = Release|Any CPU
		{F42099B7-2101-4A9D-A155-CA837D28B864}.Release|Any CPU.Build.0 = Release|Any CPU
	EndGlobalSection
	GlobalSection(SolutionProperties) = preSolution
		HideSolutionNode = FALSE
	EndGlobalSection
	GlobalSection(ExtensibilityGlobals) = postSolution
		SolutionGuid = {8D52FDD1-3AC6-4BC2-B7D2-EBD57F8AB504}
	EndGlobalSection
EndGlobal
